// !$*UTF8*$!
{
	archiveVersion = 1;
	classes = {
	};
	objectVersion = 50;
	objects = {

/* Begin PBXBuildFile section */
		479D350F2218379B00B0017B /* AppDelegate.swift in Sources */ = {isa = PBXBuildFile; fileRef = 479D350E2218379B00B0017B /* AppDelegate.swift */; };
		479D35112218379B00B0017B /* PostsViewController.swift.swift in Sources */ = {isa = PBXBuildFile; fileRef = 479D35102218379B00B0017B /* PostsViewController.swift.swift */; };
		479D35132218379B00B0017B /* PostDetailViewController.swift in Sources */ = {isa = PBXBuildFile; fileRef = 479D35122218379B00B0017B /* PostDetailViewController.swift */; };
		479D35162218379B00B0017B /* Main.storyboard in Resources */ = {isa = PBXBuildFile; fileRef = 479D35142218379B00B0017B /* Main.storyboard */; };
		479D35182218379B00B0017B /* Assets.xcassets in Resources */ = {isa = PBXBuildFile; fileRef = 479D35172218379B00B0017B /* Assets.xcassets */; };
		479D351B2218379B00B0017B /* LaunchScreen.storyboard in Resources */ = {isa = PBXBuildFile; fileRef = 479D35192218379B00B0017B /* LaunchScreen.storyboard */; };
		479D352B2218381300B0017B /* devigetModule.h in Headers */ = {isa = PBXBuildFile; fileRef = 479D35292218381300B0017B /* devigetModule.h */; settings = {ATTRIBUTES = (Public, ); }; };
		479D352E2218381300B0017B /* devigetModule.framework in Frameworks */ = {isa = PBXBuildFile; fileRef = 479D35272218381300B0017B /* devigetModule.framework */; };
		479D352F2218381300B0017B /* devigetModule.framework in Embed Frameworks */ = {isa = PBXBuildFile; fileRef = 479D35272218381300B0017B /* devigetModule.framework */; settings = {ATTRIBUTES = (CodeSignOnCopy, RemoveHeadersOnCopy, ); }; };
		479D35352218383800B0017B /* DevigetProtocols.swift in Sources */ = {isa = PBXBuildFile; fileRef = 479D35342218383800B0017B /* DevigetProtocols.swift */; };
		479D353822184B3A00B0017B /* Constants.swift in Sources */ = {isa = PBXBuildFile; fileRef = 479D353722184B3A00B0017B /* Constants.swift */; };
		479D353A22184CA000B0017B /* RedditResponse.swift in Sources */ = {isa = PBXBuildFile; fileRef = 479D353922184CA000B0017B /* RedditResponse.swift */; };
		479D353C22184CC700B0017B /* DataResponse.swift in Sources */ = {isa = PBXBuildFile; fileRef = 479D353B22184CC700B0017B /* DataResponse.swift */; };
		479D353E22184E9B00B0017B /* ChildrenResponse.swift in Sources */ = {isa = PBXBuildFile; fileRef = 479D353D22184E9B00B0017B /* ChildrenResponse.swift */; };
		479D354022184F3600B0017B /* EntryReddit.swift in Sources */ = {isa = PBXBuildFile; fileRef = 479D353F22184F3600B0017B /* EntryReddit.swift */; };
		479D3543221855BC00B0017B /* PostsRepository.swift in Sources */ = {isa = PBXBuildFile; fileRef = 479D3542221855BC00B0017B /* PostsRepository.swift */; };
		479D3545221855C800B0017B /* PostsRepositoryRemote.swift in Sources */ = {isa = PBXBuildFile; fileRef = 479D3544221855C800B0017B /* PostsRepositoryRemote.swift */; };
		479D3548221859C200B0017B /* PostsPresenter.swift in Sources */ = {isa = PBXBuildFile; fileRef = 479D3547221859C200B0017B /* PostsPresenter.swift */; };
		479D355022185DFE00B0017B /* devigetModuleTests.swift in Sources */ = {isa = PBXBuildFile; fileRef = 479D354F22185DFE00B0017B /* devigetModuleTests.swift */; };
		479D355222185DFE00B0017B /* devigetModule.framework in Frameworks */ = {isa = PBXBuildFile; fileRef = 479D35272218381300B0017B /* devigetModule.framework */; };
		479D355A22185E3B00B0017B /* entries_success_ok.json in Resources */ = {isa = PBXBuildFile; fileRef = 479D355922185E3B00B0017B /* entries_success_ok.json */; };
		479D355C22185E7E00B0017B /* FakeDataManager.swift in Sources */ = {isa = PBXBuildFile; fileRef = 479D355B22185E7E00B0017B /* FakeDataManager.swift */; };
		479D355E22185EFD00B0017B /* PostsViewSpy.swift in Sources */ = {isa = PBXBuildFile; fileRef = 479D355D22185EFD00B0017B /* PostsViewSpy.swift */; };
		479D356022185FAD00B0017B /* PostsPresenterTests.swift in Sources */ = {isa = PBXBuildFile; fileRef = 479D355F22185FAD00B0017B /* PostsPresenterTests.swift */; };
		479D3562221861D100B0017B /* RedditResponseTest.swift in Sources */ = {isa = PBXBuildFile; fileRef = 479D3561221861D100B0017B /* RedditResponseTest.swift */; };
		479D35652218657300B0017B /* DataManager.swift in Sources */ = {isa = PBXBuildFile; fileRef = 479D35642218657300B0017B /* DataManager.swift */; };
		479D358C22186C0E00B0017B /* PostsConfigurator.swift in Sources */ = {isa = PBXBuildFile; fileRef = 479D358B22186C0E00B0017B /* PostsConfigurator.swift */; };
		479D358E22186D1200B0017B /* Util.swift in Sources */ = {isa = PBXBuildFile; fileRef = 479D358D22186D1200B0017B /* Util.swift */; };
		479D359122187AAE00B0017B /* PostCell.swift in Sources */ = {isa = PBXBuildFile; fileRef = 479D359022187AAE00B0017B /* PostCell.swift */; };
		479D35B92219BB2C00B0017B /* AppDelegate.swift in Sources */ = {isa = PBXBuildFile; fileRef = 479D35B82219BB2C00B0017B /* AppDelegate.swift */; };
		479D35C82219BB7700B0017B /* devigetModule.framework in Frameworks */ = {isa = PBXBuildFile; fileRef = 479D35272218381300B0017B /* devigetModule.framework */; };
		479D35C92219BB7700B0017B /* devigetModule.framework in Embed Frameworks */ = {isa = PBXBuildFile; fileRef = 479D35272218381300B0017B /* devigetModule.framework */; settings = {ATTRIBUTES = (CodeSignOnCopy, RemoveHeadersOnCopy, ); }; };
		479D35CD2219BBB300B0017B /* Main.storyboard in Resources */ = {isa = PBXBuildFile; fileRef = 479D35142218379B00B0017B /* Main.storyboard */; };
		479D35CE2219BBB800B0017B /* Constants.swift in Sources */ = {isa = PBXBuildFile; fileRef = 479D353722184B3A00B0017B /* Constants.swift */; };
		479D35D02219BBB800B0017B /* Util.swift in Sources */ = {isa = PBXBuildFile; fileRef = 479D358D22186D1200B0017B /* Util.swift */; };
		479D35D12219BBBC00B0017B /* PostCell.swift in Sources */ = {isa = PBXBuildFile; fileRef = 479D359022187AAE00B0017B /* PostCell.swift */; };
		479D35D22219BBC500B0017B /* PostsViewController.swift.swift in Sources */ = {isa = PBXBuildFile; fileRef = 479D35102218379B00B0017B /* PostsViewController.swift.swift */; };
		479D35D32219BBC500B0017B /* PostDetailViewController.swift in Sources */ = {isa = PBXBuildFile; fileRef = 479D35122218379B00B0017B /* PostDetailViewController.swift */; };
		479D35D52219BBC700B0017B /* Assets.xcassets in Resources */ = {isa = PBXBuildFile; fileRef = 479D35172218379B00B0017B /* Assets.xcassets */; };
		479D35D62219BBCC00B0017B /* LaunchScreen.storyboard in Resources */ = {isa = PBXBuildFile; fileRef = 479D35192218379B00B0017B /* LaunchScreen.storyboard */; };
		479D35D92219BBF100B0017B /* DataManager.swift in Sources */ = {isa = PBXBuildFile; fileRef = 479D35D82219BBEF00B0017B /* DataManager.swift */; };
		479D35DC2219BC1700B0017B /* PostsConfigurator.swift in Sources */ = {isa = PBXBuildFile; fileRef = 479D35DB2219BC1400B0017B /* PostsConfigurator.swift */; };
		479D35E02219BD8A00B0017B /* entries_success_ok.json in Resources */ = {isa = PBXBuildFile; fileRef = 479D35DF2219BD7D00B0017B /* entries_success_ok.json */; };
		479D35E82219BDD900B0017B /* devigetMockUITests.swift in Sources */ = {isa = PBXBuildFile; fileRef = 479D35E72219BDD900B0017B /* devigetMockUITests.swift */; };
/* End PBXBuildFile section */

/* Begin PBXContainerItemProxy section */
		479D352C2218381300B0017B /* PBXContainerItemProxy */ = {
			isa = PBXContainerItemProxy;
			containerPortal = 479D35032218379A00B0017B /* Project object */;
			proxyType = 1;
			remoteGlobalIDString = 479D35262218381300B0017B;
			remoteInfo = devigetModule;
		};
		479D355322185DFE00B0017B /* PBXContainerItemProxy */ = {
			isa = PBXContainerItemProxy;
			containerPortal = 479D35032218379A00B0017B /* Project object */;
			proxyType = 1;
			remoteGlobalIDString = 479D35262218381300B0017B;
			remoteInfo = devigetModule;
		};
		479D35CA2219BB7700B0017B /* PBXContainerItemProxy */ = {
			isa = PBXContainerItemProxy;
			containerPortal = 479D35032218379A00B0017B /* Project object */;
			proxyType = 1;
			remoteGlobalIDString = 479D35262218381300B0017B;
			remoteInfo = devigetModule;
		};
		479D35EA2219BDD900B0017B /* PBXContainerItemProxy */ = {
			isa = PBXContainerItemProxy;
			containerPortal = 479D35032218379A00B0017B /* Project object */;
			proxyType = 1;
			remoteGlobalIDString = 479D35B52219BB2C00B0017B;
			remoteInfo = devigetMock;
		};
/* End PBXContainerItemProxy section */

/* Begin PBXCopyFilesBuildPhase section */
		479D35332218381300B0017B /* Embed Frameworks */ = {
			isa = PBXCopyFilesBuildPhase;
			buildActionMask = 2147483647;
			dstPath = "";
			dstSubfolderSpec = 10;
			files = (
				479D352F2218381300B0017B /* devigetModule.framework in Embed Frameworks */,
			);
			name = "Embed Frameworks";
			runOnlyForDeploymentPostprocessing = 0;
		};
		479D35CC2219BB7700B0017B /* Embed Frameworks */ = {
			isa = PBXCopyFilesBuildPhase;
			buildActionMask = 2147483647;
			dstPath = "";
			dstSubfolderSpec = 10;
			files = (
				479D35C92219BB7700B0017B /* devigetModule.framework in Embed Frameworks */,
			);
			name = "Embed Frameworks";
			runOnlyForDeploymentPostprocessing = 0;
		};
/* End PBXCopyFilesBuildPhase section */

/* Begin PBXFileReference section */
		479D350B2218379B00B0017B /* deviget.app */ = {isa = PBXFileReference; explicitFileType = wrapper.application; includeInIndex = 0; path = deviget.app; sourceTree = BUILT_PRODUCTS_DIR; };
		479D350E2218379B00B0017B /* AppDelegate.swift */ = {isa = PBXFileReference; lastKnownFileType = sourcecode.swift; path = AppDelegate.swift; sourceTree = "<group>"; };
		479D35102218379B00B0017B /* PostsViewController.swift.swift */ = {isa = PBXFileReference; lastKnownFileType = sourcecode.swift; path = PostsViewController.swift.swift; sourceTree = "<group>"; };
		479D35122218379B00B0017B /* PostDetailViewController.swift */ = {isa = PBXFileReference; lastKnownFileType = sourcecode.swift; path = PostDetailViewController.swift; sourceTree = "<group>"; };
		479D35152218379B00B0017B /* Base */ = {isa = PBXFileReference; lastKnownFileType = file.storyboard; name = Base; path = Base.lproj/Main.storyboard; sourceTree = "<group>"; };
		479D35172218379B00B0017B /* Assets.xcassets */ = {isa = PBXFileReference; lastKnownFileType = folder.assetcatalog; path = Assets.xcassets; sourceTree = "<group>"; };
		479D351A2218379B00B0017B /* Base */ = {isa = PBXFileReference; lastKnownFileType = file.storyboard; name = Base; path = Base.lproj/LaunchScreen.storyboard; sourceTree = "<group>"; };
		479D351C2218379B00B0017B /* Info.plist */ = {isa = PBXFileReference; lastKnownFileType = text.plist.xml; path = Info.plist; sourceTree = "<group>"; };
		479D35272218381300B0017B /* devigetModule.framework */ = {isa = PBXFileReference; explicitFileType = wrapper.framework; includeInIndex = 0; path = devigetModule.framework; sourceTree = BUILT_PRODUCTS_DIR; };
		479D35292218381300B0017B /* devigetModule.h */ = {isa = PBXFileReference; lastKnownFileType = sourcecode.c.h; path = devigetModule.h; sourceTree = "<group>"; };
		479D352A2218381300B0017B /* Info.plist */ = {isa = PBXFileReference; lastKnownFileType = text.plist.xml; path = Info.plist; sourceTree = "<group>"; };
		479D35342218383800B0017B /* DevigetProtocols.swift */ = {isa = PBXFileReference; lastKnownFileType = sourcecode.swift; path = DevigetProtocols.swift; sourceTree = "<group>"; };
		479D353722184B3A00B0017B /* Constants.swift */ = {isa = PBXFileReference; lastKnownFileType = sourcecode.swift; path = Constants.swift; sourceTree = "<group>"; };
		479D353922184CA000B0017B /* RedditResponse.swift */ = {isa = PBXFileReference; lastKnownFileType = sourcecode.swift; path = RedditResponse.swift; sourceTree = "<group>"; };
		479D353B22184CC700B0017B /* DataResponse.swift */ = {isa = PBXFileReference; lastKnownFileType = sourcecode.swift; path = DataResponse.swift; sourceTree = "<group>"; };
		479D353D22184E9B00B0017B /* ChildrenResponse.swift */ = {isa = PBXFileReference; lastKnownFileType = sourcecode.swift; path = ChildrenResponse.swift; sourceTree = "<group>"; };
		479D353F22184F3600B0017B /* EntryReddit.swift */ = {isa = PBXFileReference; lastKnownFileType = sourcecode.swift; path = EntryReddit.swift; sourceTree = "<group>"; };
		479D3542221855BC00B0017B /* PostsRepository.swift */ = {isa = PBXFileReference; lastKnownFileType = sourcecode.swift; path = PostsRepository.swift; sourceTree = "<group>"; };
		479D3544221855C800B0017B /* PostsRepositoryRemote.swift */ = {isa = PBXFileReference; lastKnownFileType = sourcecode.swift; path = PostsRepositoryRemote.swift; sourceTree = "<group>"; };
		479D3547221859C200B0017B /* PostsPresenter.swift */ = {isa = PBXFileReference; lastKnownFileType = sourcecode.swift; path = PostsPresenter.swift; sourceTree = "<group>"; };
		479D354D22185DFE00B0017B /* devigetModuleTests.xctest */ = {isa = PBXFileReference; explicitFileType = wrapper.cfbundle; includeInIndex = 0; path = devigetModuleTests.xctest; sourceTree = BUILT_PRODUCTS_DIR; };
		479D354F22185DFE00B0017B /* devigetModuleTests.swift */ = {isa = PBXFileReference; lastKnownFileType = sourcecode.swift; path = devigetModuleTests.swift; sourceTree = "<group>"; };
		479D355122185DFE00B0017B /* Info.plist */ = {isa = PBXFileReference; lastKnownFileType = text.plist.xml; path = Info.plist; sourceTree = "<group>"; };
		479D355922185E3B00B0017B /* entries_success_ok.json */ = {isa = PBXFileReference; lastKnownFileType = text.json; path = entries_success_ok.json; sourceTree = "<group>"; };
		479D355B22185E7E00B0017B /* FakeDataManager.swift */ = {isa = PBXFileReference; lastKnownFileType = sourcecode.swift; path = FakeDataManager.swift; sourceTree = "<group>"; };
		479D355D22185EFD00B0017B /* PostsViewSpy.swift */ = {isa = PBXFileReference; lastKnownFileType = sourcecode.swift; path = PostsViewSpy.swift; sourceTree = "<group>"; };
		479D355F22185FAD00B0017B /* PostsPresenterTests.swift */ = {isa = PBXFileReference; lastKnownFileType = sourcecode.swift; path = PostsPresenterTests.swift; sourceTree = "<group>"; };
		479D3561221861D100B0017B /* RedditResponseTest.swift */ = {isa = PBXFileReference; lastKnownFileType = sourcecode.swift; path = RedditResponseTest.swift; sourceTree = "<group>"; };
		479D35642218657300B0017B /* DataManager.swift */ = {isa = PBXFileReference; lastKnownFileType = sourcecode.swift; path = DataManager.swift; sourceTree = "<group>"; };
		479D358B22186C0E00B0017B /* PostsConfigurator.swift */ = {isa = PBXFileReference; lastKnownFileType = sourcecode.swift; path = PostsConfigurator.swift; sourceTree = "<group>"; };
		479D358D22186D1200B0017B /* Util.swift */ = {isa = PBXFileReference; lastKnownFileType = sourcecode.swift; path = Util.swift; sourceTree = "<group>"; };
		479D359022187AAE00B0017B /* PostCell.swift */ = {isa = PBXFileReference; lastKnownFileType = sourcecode.swift; path = PostCell.swift; sourceTree = "<group>"; };
		479D35B62219BB2C00B0017B /* devigetMock.app */ = {isa = PBXFileReference; explicitFileType = wrapper.application; includeInIndex = 0; path = devigetMock.app; sourceTree = BUILT_PRODUCTS_DIR; };
		479D35B82219BB2C00B0017B /* AppDelegate.swift */ = {isa = PBXFileReference; lastKnownFileType = sourcecode.swift; path = AppDelegate.swift; sourceTree = "<group>"; };
		479D35C42219BB2D00B0017B /* Info.plist */ = {isa = PBXFileReference; lastKnownFileType = text.plist.xml; path = Info.plist; sourceTree = "<group>"; };
		479D35D82219BBEF00B0017B /* DataManager.swift */ = {isa = PBXFileReference; lastKnownFileType = sourcecode.swift; path = DataManager.swift; sourceTree = "<group>"; };
		479D35DB2219BC1400B0017B /* PostsConfigurator.swift */ = {isa = PBXFileReference; lastKnownFileType = sourcecode.swift; path = PostsConfigurator.swift; sourceTree = "<group>"; };
		479D35DF2219BD7D00B0017B /* entries_success_ok.json */ = {isa = PBXFileReference; lastKnownFileType = text.json; path = entries_success_ok.json; sourceTree = "<group>"; };
		479D35E52219BDD900B0017B /* devigetMockUITests.xctest */ = {isa = PBXFileReference; explicitFileType = wrapper.cfbundle; includeInIndex = 0; path = devigetMockUITests.xctest; sourceTree = BUILT_PRODUCTS_DIR; };
		479D35E72219BDD900B0017B /* devigetMockUITests.swift */ = {isa = PBXFileReference; lastKnownFileType = sourcecode.swift; path = devigetMockUITests.swift; sourceTree = "<group>"; };
		479D35E92219BDD900B0017B /* Info.plist */ = {isa = PBXFileReference; lastKnownFileType = text.plist.xml; path = Info.plist; sourceTree = "<group>"; };
/* End PBXFileReference section */

/* Begin PBXFrameworksBuildPhase section */
		479D35082218379B00B0017B /* Frameworks */ = {
			isa = PBXFrameworksBuildPhase;
			buildActionMask = 2147483647;
			files = (
				479D352E2218381300B0017B /* devigetModule.framework in Frameworks */,
			);
			runOnlyForDeploymentPostprocessing = 0;
		};
		479D35242218381300B0017B /* Frameworks */ = {
			isa = PBXFrameworksBuildPhase;
			buildActionMask = 2147483647;
			files = (
			);
			runOnlyForDeploymentPostprocessing = 0;
		};
		479D354A22185DFE00B0017B /* Frameworks */ = {
			isa = PBXFrameworksBuildPhase;
			buildActionMask = 2147483647;
			files = (
				479D355222185DFE00B0017B /* devigetModule.framework in Frameworks */,
			);
			runOnlyForDeploymentPostprocessing = 0;
		};
		479D35B32219BB2C00B0017B /* Frameworks */ = {
			isa = PBXFrameworksBuildPhase;
			buildActionMask = 2147483647;
			files = (
				479D35C82219BB7700B0017B /* devigetModule.framework in Frameworks */,
			);
			runOnlyForDeploymentPostprocessing = 0;
		};
		479D35E22219BDD900B0017B /* Frameworks */ = {
			isa = PBXFrameworksBuildPhase;
			buildActionMask = 2147483647;
			files = (
			);
			runOnlyForDeploymentPostprocessing = 0;
		};
/* End PBXFrameworksBuildPhase section */

/* Begin PBXGroup section */
		479D35022218379A00B0017B = {
			isa = PBXGroup;
			children = (
				479D350D2218379B00B0017B /* deviget */,
				479D35282218381300B0017B /* devigetModule */,
				479D354E22185DFE00B0017B /* devigetModuleTests */,
				479D35B72219BB2C00B0017B /* devigetMock */,
				479D35E62219BDD900B0017B /* devigetMockUITests */,
				479D350C2218379B00B0017B /* Products */,
			);
			sourceTree = "<group>";
		};
		479D350C2218379B00B0017B /* Products */ = {
			isa = PBXGroup;
			children = (
				479D350B2218379B00B0017B /* deviget.app */,
				479D35272218381300B0017B /* devigetModule.framework */,
				479D354D22185DFE00B0017B /* devigetModuleTests.xctest */,
				479D35B62219BB2C00B0017B /* devigetMock.app */,
				479D35E52219BDD900B0017B /* devigetMockUITests.xctest */,
			);
			name = Products;
			sourceTree = "<group>";
		};
		479D350D2218379B00B0017B /* deviget */ = {
			isa = PBXGroup;
			children = (
				479D350E2218379B00B0017B /* AppDelegate.swift */,
				479D35142218379B00B0017B /* Main.storyboard */,
				479D35632218655D00B0017B /* Utility */,
				479D356622186A2500B0017B /* ViewControllers */,
				479D35172218379B00B0017B /* Assets.xcassets */,
				479D35192218379B00B0017B /* LaunchScreen.storyboard */,
				479D351C2218379B00B0017B /* Info.plist */,
			);
			path = deviget;
			sourceTree = "<group>";
		};
		479D35282218381300B0017B /* devigetModule */ = {
			isa = PBXGroup;
			children = (
				479D35292218381300B0017B /* devigetModule.h */,
				479D352A2218381300B0017B /* Info.plist */,
				479D35342218383800B0017B /* DevigetProtocols.swift */,
				479D35362218383E00B0017B /* models */,
				479D35412218558C00B0017B /* repositories */,
				479D35462218594300B0017B /* presenter */,
			);
			path = devigetModule;
			sourceTree = "<group>";
		};
		479D35362218383E00B0017B /* models */ = {
			isa = PBXGroup;
			children = (
				479D353922184CA000B0017B /* RedditResponse.swift */,
				479D353B22184CC700B0017B /* DataResponse.swift */,
				479D353D22184E9B00B0017B /* ChildrenResponse.swift */,
				479D353F22184F3600B0017B /* EntryReddit.swift */,
			);
			path = models;
			sourceTree = "<group>";
		};
		479D35412218558C00B0017B /* repositories */ = {
			isa = PBXGroup;
			children = (
				479D3542221855BC00B0017B /* PostsRepository.swift */,
				479D3544221855C800B0017B /* PostsRepositoryRemote.swift */,
			);
			path = repositories;
			sourceTree = "<group>";
		};
		479D35462218594300B0017B /* presenter */ = {
			isa = PBXGroup;
			children = (
				479D3547221859C200B0017B /* PostsPresenter.swift */,
			);
			path = presenter;
			sourceTree = "<group>";
		};
		479D354E22185DFE00B0017B /* devigetModuleTests */ = {
			isa = PBXGroup;
			children = (
				479D3561221861D100B0017B /* RedditResponseTest.swift */,
				479D355F22185FAD00B0017B /* PostsPresenterTests.swift */,
				479D355822185E1600B0017B /* jsons */,
				479D354F22185DFE00B0017B /* devigetModuleTests.swift */,
				479D355B22185E7E00B0017B /* FakeDataManager.swift */,
				479D355D22185EFD00B0017B /* PostsViewSpy.swift */,
				479D355122185DFE00B0017B /* Info.plist */,
			);
			path = devigetModuleTests;
			sourceTree = "<group>";
		};
		479D355822185E1600B0017B /* jsons */ = {
			isa = PBXGroup;
			children = (
				479D355922185E3B00B0017B /* entries_success_ok.json */,
			);
			path = jsons;
			sourceTree = "<group>";
		};
		479D35632218655D00B0017B /* Utility */ = {
			isa = PBXGroup;
			children = (
				479D353722184B3A00B0017B /* Constants.swift */,
				479D35642218657300B0017B /* DataManager.swift */,
				479D358D22186D1200B0017B /* Util.swift */,
			);
			path = Utility;
			sourceTree = "<group>";
		};
		479D356622186A2500B0017B /* ViewControllers */ = {
			isa = PBXGroup;
			children = (
				479D358F22187A9100B0017B /* cells */,
				479D35102218379B00B0017B /* PostsViewController.swift.swift */,
				479D35122218379B00B0017B /* PostDetailViewController.swift */,
				479D358B22186C0E00B0017B /* PostsConfigurator.swift */,
			);
			path = ViewControllers;
			sourceTree = "<group>";
		};
		479D358F22187A9100B0017B /* cells */ = {
			isa = PBXGroup;
			children = (
				479D359022187AAE00B0017B /* PostCell.swift */,
			);
			path = cells;
			sourceTree = "<group>";
		};
		479D35B72219BB2C00B0017B /* devigetMock */ = {
			isa = PBXGroup;
			children = (
				479D35B82219BB2C00B0017B /* AppDelegate.swift */,
				479D35C42219BB2D00B0017B /* Info.plist */,
				479D35DE2219BD7D00B0017B /* jsons */,
				479D35D72219BBE100B0017B /* Utility */,
				479D35DA2219BBFE00B0017B /* ViewControllers */,
			);
			path = devigetMock;
			sourceTree = "<group>";
		};
		479D35D72219BBE100B0017B /* Utility */ = {
			isa = PBXGroup;
			children = (
				479D35D82219BBEF00B0017B /* DataManager.swift */,
			);
			path = Utility;
			sourceTree = "<group>";
		};
		479D35DA2219BBFE00B0017B /* ViewControllers */ = {
			isa = PBXGroup;
			children = (
				479D35DB2219BC1400B0017B /* PostsConfigurator.swift */,
			);
			path = ViewControllers;
			sourceTree = "<group>";
		};
		479D35DE2219BD7D00B0017B /* jsons */ = {
			isa = PBXGroup;
			children = (
				479D35DF2219BD7D00B0017B /* entries_success_ok.json */,
			);
			path = jsons;
			sourceTree = "<group>";
		};
		479D35E62219BDD900B0017B /* devigetMockUITests */ = {
			isa = PBXGroup;
			children = (
				479D35E72219BDD900B0017B /* devigetMockUITests.swift */,
				479D35E92219BDD900B0017B /* Info.plist */,
			);
			path = devigetMockUITests;
			sourceTree = "<group>";
		};
/* End PBXGroup section */

/* Begin PBXHeadersBuildPhase section */
		479D35222218381300B0017B /* Headers */ = {
			isa = PBXHeadersBuildPhase;
			buildActionMask = 2147483647;
			files = (
				479D352B2218381300B0017B /* devigetModule.h in Headers */,
			);
			runOnlyForDeploymentPostprocessing = 0;
		};
/* End PBXHeadersBuildPhase section */

/* Begin PBXNativeTarget section */
		479D350A2218379B00B0017B /* deviget */ = {
			isa = PBXNativeTarget;
			buildConfigurationList = 479D351F2218379B00B0017B /* Build configuration list for PBXNativeTarget "deviget" */;
			buildPhases = (
				479D35072218379B00B0017B /* Sources */,
				479D35082218379B00B0017B /* Frameworks */,
				479D35092218379B00B0017B /* Resources */,
				479D35332218381300B0017B /* Embed Frameworks */,
			);
			buildRules = (
			);
			dependencies = (
				479D352D2218381300B0017B /* PBXTargetDependency */,
			);
			name = deviget;
			productName = deviget;
			productReference = 479D350B2218379B00B0017B /* deviget.app */;
			productType = "com.apple.product-type.application";
		};
		479D35262218381300B0017B /* devigetModule */ = {
			isa = PBXNativeTarget;
			buildConfigurationList = 479D35322218381300B0017B /* Build configuration list for PBXNativeTarget "devigetModule" */;
			buildPhases = (
				479D35222218381300B0017B /* Headers */,
				479D35232218381300B0017B /* Sources */,
				479D35242218381300B0017B /* Frameworks */,
				479D35252218381300B0017B /* Resources */,
			);
			buildRules = (
			);
			dependencies = (
			);
			name = devigetModule;
			productName = devigetModule;
			productReference = 479D35272218381300B0017B /* devigetModule.framework */;
			productType = "com.apple.product-type.framework";
		};
		479D354C22185DFE00B0017B /* devigetModuleTests */ = {
			isa = PBXNativeTarget;
			buildConfigurationList = 479D355522185DFE00B0017B /* Build configuration list for PBXNativeTarget "devigetModuleTests" */;
			buildPhases = (
				479D354922185DFE00B0017B /* Sources */,
				479D354A22185DFE00B0017B /* Frameworks */,
				479D354B22185DFE00B0017B /* Resources */,
			);
			buildRules = (
			);
			dependencies = (
				479D355422185DFE00B0017B /* PBXTargetDependency */,
			);
			name = devigetModuleTests;
			productName = devigetModuleTests;
			productReference = 479D354D22185DFE00B0017B /* devigetModuleTests.xctest */;
			productType = "com.apple.product-type.bundle.unit-test";
		};
		479D35B52219BB2C00B0017B /* devigetMock */ = {
			isa = PBXNativeTarget;
			buildConfigurationList = 479D35C52219BB2D00B0017B /* Build configuration list for PBXNativeTarget "devigetMock" */;
			buildPhases = (
				479D35B22219BB2C00B0017B /* Sources */,
				479D35B32219BB2C00B0017B /* Frameworks */,
				479D35B42219BB2C00B0017B /* Resources */,
				479D35CC2219BB7700B0017B /* Embed Frameworks */,
			);
			buildRules = (
			);
			dependencies = (
				479D35CB2219BB7700B0017B /* PBXTargetDependency */,
			);
			name = devigetMock;
			productName = devigetMock;
			productReference = 479D35B62219BB2C00B0017B /* devigetMock.app */;
			productType = "com.apple.product-type.application";
		};
		479D35E42219BDD900B0017B /* devigetMockUITests */ = {
			isa = PBXNativeTarget;
			buildConfigurationList = 479D35EC2219BDD900B0017B /* Build configuration list for PBXNativeTarget "devigetMockUITests" */;
			buildPhases = (
				479D35E12219BDD900B0017B /* Sources */,
				479D35E22219BDD900B0017B /* Frameworks */,
				479D35E32219BDD900B0017B /* Resources */,
			);
			buildRules = (
			);
			dependencies = (
				479D35EB2219BDD900B0017B /* PBXTargetDependency */,
			);
			name = devigetMockUITests;
			productName = devigetMockUITests;
			productReference = 479D35E52219BDD900B0017B /* devigetMockUITests.xctest */;
			productType = "com.apple.product-type.bundle.ui-testing";
		};
/* End PBXNativeTarget section */

/* Begin PBXProject section */
		479D35032218379A00B0017B /* Project object */ = {
			isa = PBXProject;
			attributes = {
				LastSwiftUpdateCheck = 1010;
				LastUpgradeCheck = 1010;
				ORGANIZATIONNAME = christianquicano;
				TargetAttributes = {
					479D350A2218379B00B0017B = {
						CreatedOnToolsVersion = 10.1;
					};
					479D35262218381300B0017B = {
						CreatedOnToolsVersion = 10.1;
						LastSwiftMigration = 1010;
					};
					479D354C22185DFE00B0017B = {
						CreatedOnToolsVersion = 10.1;
					};
					479D35B52219BB2C00B0017B = {
						CreatedOnToolsVersion = 10.1;
					};
					479D35E42219BDD900B0017B = {
						CreatedOnToolsVersion = 10.1;
						TestTargetID = 479D35B52219BB2C00B0017B;
					};
				};
			};
			buildConfigurationList = 479D35062218379A00B0017B /* Build configuration list for PBXProject "deviget" */;
			compatibilityVersion = "Xcode 9.3";
			developmentRegion = en;
			hasScannedForEncodings = 0;
			knownRegions = (
				en,
				Base,
			);
			mainGroup = 479D35022218379A00B0017B;
			productRefGroup = 479D350C2218379B00B0017B /* Products */;
			projectDirPath = "";
			projectRoot = "";
			targets = (
				479D350A2218379B00B0017B /* deviget */,
				479D35B52219BB2C00B0017B /* devigetMock */,
				479D35262218381300B0017B /* devigetModule */,
				479D354C22185DFE00B0017B /* devigetModuleTests */,
				479D35E42219BDD900B0017B /* devigetMockUITests */,
			);
		};
/* End PBXProject section */

/* Begin PBXResourcesBuildPhase section */
		479D35092218379B00B0017B /* Resources */ = {
			isa = PBXResourcesBuildPhase;
			buildActionMask = 2147483647;
			files = (
				479D351B2218379B00B0017B /* LaunchScreen.storyboard in Resources */,
				479D35182218379B00B0017B /* Assets.xcassets in Resources */,
				479D35162218379B00B0017B /* Main.storyboard in Resources */,
			);
			runOnlyForDeploymentPostprocessing = 0;
		};
		479D35252218381300B0017B /* Resources */ = {
			isa = PBXResourcesBuildPhase;
			buildActionMask = 2147483647;
			files = (
			);
			runOnlyForDeploymentPostprocessing = 0;
		};
		479D354B22185DFE00B0017B /* Resources */ = {
			isa = PBXResourcesBuildPhase;
			buildActionMask = 2147483647;
			files = (
				479D355A22185E3B00B0017B /* entries_success_ok.json in Resources */,
			);
			runOnlyForDeploymentPostprocessing = 0;
		};
		479D35B42219BB2C00B0017B /* Resources */ = {
			isa = PBXResourcesBuildPhase;
			buildActionMask = 2147483647;
			files = (
				479D35D62219BBCC00B0017B /* LaunchScreen.storyboard in Resources */,
				479D35D52219BBC700B0017B /* Assets.xcassets in Resources */,
				479D35E02219BD8A00B0017B /* entries_success_ok.json in Resources */,
				479D35CD2219BBB300B0017B /* Main.storyboard in Resources */,
			);
			runOnlyForDeploymentPostprocessing = 0;
		};
		479D35E32219BDD900B0017B /* Resources */ = {
			isa = PBXResourcesBuildPhase;
			buildActionMask = 2147483647;
			files = (
			);
			runOnlyForDeploymentPostprocessing = 0;
		};
/* End PBXResourcesBuildPhase section */

/* Begin PBXSourcesBuildPhase section */
		479D35072218379B00B0017B /* Sources */ = {
			isa = PBXSourcesBuildPhase;
			buildActionMask = 2147483647;
			files = (
				479D358C22186C0E00B0017B /* PostsConfigurator.swift in Sources */,
				479D35132218379B00B0017B /* PostDetailViewController.swift in Sources */,
				479D35652218657300B0017B /* DataManager.swift in Sources */,
				479D35112218379B00B0017B /* PostsViewController.swift.swift in Sources */,
				479D358E22186D1200B0017B /* Util.swift in Sources */,
				479D350F2218379B00B0017B /* AppDelegate.swift in Sources */,
				479D353822184B3A00B0017B /* Constants.swift in Sources */,
				479D359122187AAE00B0017B /* PostCell.swift in Sources */,
			);
			runOnlyForDeploymentPostprocessing = 0;
		};
		479D35232218381300B0017B /* Sources */ = {
			isa = PBXSourcesBuildPhase;
			buildActionMask = 2147483647;
			files = (
				479D3548221859C200B0017B /* PostsPresenter.swift in Sources */,
				479D353A22184CA000B0017B /* RedditResponse.swift in Sources */,
				479D353E22184E9B00B0017B /* ChildrenResponse.swift in Sources */,
				479D353C22184CC700B0017B /* DataResponse.swift in Sources */,
				479D3543221855BC00B0017B /* PostsRepository.swift in Sources */,
				479D3545221855C800B0017B /* PostsRepositoryRemote.swift in Sources */,
				479D354022184F3600B0017B /* EntryReddit.swift in Sources */,
				479D35352218383800B0017B /* DevigetProtocols.swift in Sources */,
			);
			runOnlyForDeploymentPostprocessing = 0;
		};
		479D354922185DFE00B0017B /* Sources */ = {
			isa = PBXSourcesBuildPhase;
			buildActionMask = 2147483647;
			files = (
				479D3562221861D100B0017B /* RedditResponseTest.swift in Sources */,
				479D356022185FAD00B0017B /* PostsPresenterTests.swift in Sources */,
				479D355E22185EFD00B0017B /* PostsViewSpy.swift in Sources */,
				479D355C22185E7E00B0017B /* FakeDataManager.swift in Sources */,
				479D355022185DFE00B0017B /* devigetModuleTests.swift in Sources */,
			);
			runOnlyForDeploymentPostprocessing = 0;
		};
		479D35B22219BB2C00B0017B /* Sources */ = {
			isa = PBXSourcesBuildPhase;
			buildActionMask = 2147483647;
			files = (
				479D35B92219BB2C00B0017B /* AppDelegate.swift in Sources */,
				479D35D32219BBC500B0017B /* PostDetailViewController.swift in Sources */,
				479D35CE2219BBB800B0017B /* Constants.swift in Sources */,
				479D35D02219BBB800B0017B /* Util.swift in Sources */,
				479D35D92219BBF100B0017B /* DataManager.swift in Sources */,
				479D35D12219BBBC00B0017B /* PostCell.swift in Sources */,
				479D35DC2219BC1700B0017B /* PostsConfigurator.swift in Sources */,
				479D35D22219BBC500B0017B /* PostsViewController.swift.swift in Sources */,
			);
			runOnlyForDeploymentPostprocessing = 0;
		};
		479D35E12219BDD900B0017B /* Sources */ = {
			isa = PBXSourcesBuildPhase;
			buildActionMask = 2147483647;
			files = (
				479D35E82219BDD900B0017B /* devigetMockUITests.swift in Sources */,
			);
			runOnlyForDeploymentPostprocessing = 0;
		};
/* End PBXSourcesBuildPhase section */

/* Begin PBXTargetDependency section */
		479D352D2218381300B0017B /* PBXTargetDependency */ = {
			isa = PBXTargetDependency;
			target = 479D35262218381300B0017B /* devigetModule */;
			targetProxy = 479D352C2218381300B0017B /* PBXContainerItemProxy */;
		};
		479D355422185DFE00B0017B /* PBXTargetDependency */ = {
			isa = PBXTargetDependency;
			target = 479D35262218381300B0017B /* devigetModule */;
			targetProxy = 479D355322185DFE00B0017B /* PBXContainerItemProxy */;
		};
		479D35CB2219BB7700B0017B /* PBXTargetDependency */ = {
			isa = PBXTargetDependency;
			target = 479D35262218381300B0017B /* devigetModule */;
			targetProxy = 479D35CA2219BB7700B0017B /* PBXContainerItemProxy */;
		};
		479D35EB2219BDD900B0017B /* PBXTargetDependency */ = {
			isa = PBXTargetDependency;
			target = 479D35B52219BB2C00B0017B /* devigetMock */;
			targetProxy = 479D35EA2219BDD900B0017B /* PBXContainerItemProxy */;
		};
/* End PBXTargetDependency section */

/* Begin PBXVariantGroup section */
		479D35142218379B00B0017B /* Main.storyboard */ = {
			isa = PBXVariantGroup;
			children = (
				479D35152218379B00B0017B /* Base */,
			);
			name = Main.storyboard;
			sourceTree = "<group>";
		};
		479D35192218379B00B0017B /* LaunchScreen.storyboard */ = {
			isa = PBXVariantGroup;
			children = (
				479D351A2218379B00B0017B /* Base */,
			);
			name = LaunchScreen.storyboard;
			sourceTree = "<group>";
		};
/* End PBXVariantGroup section */

/* Begin XCBuildConfiguration section */
		479D351D2218379B00B0017B /* Debug */ = {
			isa = XCBuildConfiguration;
			buildSettings = {
				ALWAYS_SEARCH_USER_PATHS = NO;
				CLANG_ANALYZER_NONNULL = YES;
				CLANG_ANALYZER_NUMBER_OBJECT_CONVERSION = YES_AGGRESSIVE;
				CLANG_CXX_LANGUAGE_STANDARD = "gnu++14";
				CLANG_CXX_LIBRARY = "libc++";
				CLANG_ENABLE_MODULES = YES;
				CLANG_ENABLE_OBJC_ARC = YES;
				CLANG_ENABLE_OBJC_WEAK = YES;
				CLANG_WARN_BLOCK_CAPTURE_AUTORELEASING = YES;
				CLANG_WARN_BOOL_CONVERSION = YES;
				CLANG_WARN_COMMA = YES;
				CLANG_WARN_CONSTANT_CONVERSION = YES;
				CLANG_WARN_DEPRECATED_OBJC_IMPLEMENTATIONS = YES;
				CLANG_WARN_DIRECT_OBJC_ISA_USAGE = YES_ERROR;
				CLANG_WARN_DOCUMENTATION_COMMENTS = YES;
				CLANG_WARN_EMPTY_BODY = YES;
				CLANG_WARN_ENUM_CONVERSION = YES;
				CLANG_WARN_INFINITE_RECURSION = YES;
				CLANG_WARN_INT_CONVERSION = YES;
				CLANG_WARN_NON_LITERAL_NULL_CONVERSION = YES;
				CLANG_WARN_OBJC_IMPLICIT_RETAIN_SELF = YES;
				CLANG_WARN_OBJC_LITERAL_CONVERSION = YES;
				CLANG_WARN_OBJC_ROOT_CLASS = YES_ERROR;
				CLANG_WARN_RANGE_LOOP_ANALYSIS = YES;
				CLANG_WARN_STRICT_PROTOTYPES = YES;
				CLANG_WARN_SUSPICIOUS_MOVE = YES;
				CLANG_WARN_UNGUARDED_AVAILABILITY = YES_AGGRESSIVE;
				CLANG_WARN_UNREACHABLE_CODE = YES;
				CLANG_WARN__DUPLICATE_METHOD_MATCH = YES;
				CODE_SIGN_IDENTITY = "iPhone Developer";
				COPY_PHASE_STRIP = NO;
				DEBUG_INFORMATION_FORMAT = dwarf;
				ENABLE_STRICT_OBJC_MSGSEND = YES;
				ENABLE_TESTABILITY = YES;
				GCC_C_LANGUAGE_STANDARD = gnu11;
				GCC_DYNAMIC_NO_PIC = NO;
				GCC_NO_COMMON_BLOCKS = YES;
				GCC_OPTIMIZATION_LEVEL = 0;
				GCC_PREPROCESSOR_DEFINITIONS = (
					"DEBUG=1",
					"$(inherited)",
				);
				GCC_WARN_64_TO_32_BIT_CONVERSION = YES;
				GCC_WARN_ABOUT_RETURN_TYPE = YES_ERROR;
				GCC_WARN_UNDECLARED_SELECTOR = YES;
				GCC_WARN_UNINITIALIZED_AUTOS = YES_AGGRESSIVE;
				GCC_WARN_UNUSED_FUNCTION = YES;
				GCC_WARN_UNUSED_VARIABLE = YES;
				IPHONEOS_DEPLOYMENT_TARGET = 12.1;
				MTL_ENABLE_DEBUG_INFO = INCLUDE_SOURCE;
				MTL_FAST_MATH = YES;
				ONLY_ACTIVE_ARCH = YES;
				SDKROOT = iphoneos;
				SWIFT_ACTIVE_COMPILATION_CONDITIONS = DEBUG;
				SWIFT_OPTIMIZATION_LEVEL = "-Onone";
			};
			name = Debug;
		};
		479D351E2218379B00B0017B /* Release */ = {
			isa = XCBuildConfiguration;
			buildSettings = {
				ALWAYS_SEARCH_USER_PATHS = NO;
				CLANG_ANALYZER_NONNULL = YES;
				CLANG_ANALYZER_NUMBER_OBJECT_CONVERSION = YES_AGGRESSIVE;
				CLANG_CXX_LANGUAGE_STANDARD = "gnu++14";
				CLANG_CXX_LIBRARY = "libc++";
				CLANG_ENABLE_MODULES = YES;
				CLANG_ENABLE_OBJC_ARC = YES;
				CLANG_ENABLE_OBJC_WEAK = YES;
				CLANG_WARN_BLOCK_CAPTURE_AUTORELEASING = YES;
				CLANG_WARN_BOOL_CONVERSION = YES;
				CLANG_WARN_COMMA = YES;
				CLANG_WARN_CONSTANT_CONVERSION = YES;
				CLANG_WARN_DEPRECATED_OBJC_IMPLEMENTATIONS = YES;
				CLANG_WARN_DIRECT_OBJC_ISA_USAGE = YES_ERROR;
				CLANG_WARN_DOCUMENTATION_COMMENTS = YES;
				CLANG_WARN_EMPTY_BODY = YES;
				CLANG_WARN_ENUM_CONVERSION = YES;
				CLANG_WARN_INFINITE_RECURSION = YES;
				CLANG_WARN_INT_CONVERSION = YES;
				CLANG_WARN_NON_LITERAL_NULL_CONVERSION = YES;
				CLANG_WARN_OBJC_IMPLICIT_RETAIN_SELF = YES;
				CLANG_WARN_OBJC_LITERAL_CONVERSION = YES;
				CLANG_WARN_OBJC_ROOT_CLASS = YES_ERROR;
				CLANG_WARN_RANGE_LOOP_ANALYSIS = YES;
				CLANG_WARN_STRICT_PROTOTYPES = YES;
				CLANG_WARN_SUSPICIOUS_MOVE = YES;
				CLANG_WARN_UNGUARDED_AVAILABILITY = YES_AGGRESSIVE;
				CLANG_WARN_UNREACHABLE_CODE = YES;
				CLANG_WARN__DUPLICATE_METHOD_MATCH = YES;
				CODE_SIGN_IDENTITY = "iPhone Developer";
				COPY_PHASE_STRIP = NO;
				DEBUG_INFORMATION_FORMAT = "dwarf-with-dsym";
				ENABLE_NS_ASSERTIONS = NO;
				ENABLE_STRICT_OBJC_MSGSEND = YES;
				GCC_C_LANGUAGE_STANDARD = gnu11;
				GCC_NO_COMMON_BLOCKS = YES;
				GCC_WARN_64_TO_32_BIT_CONVERSION = YES;
				GCC_WARN_ABOUT_RETURN_TYPE = YES_ERROR;
				GCC_WARN_UNDECLARED_SELECTOR = YES;
				GCC_WARN_UNINITIALIZED_AUTOS = YES_AGGRESSIVE;
				GCC_WARN_UNUSED_FUNCTION = YES;
				GCC_WARN_UNUSED_VARIABLE = YES;
				IPHONEOS_DEPLOYMENT_TARGET = 12.1;
				MTL_ENABLE_DEBUG_INFO = NO;
				MTL_FAST_MATH = YES;
				SDKROOT = iphoneos;
				SWIFT_COMPILATION_MODE = wholemodule;
				SWIFT_OPTIMIZATION_LEVEL = "-O";
				VALIDATE_PRODUCT = YES;
			};
			name = Release;
		};
		479D35202218379B00B0017B /* Debug */ = {
			isa = XCBuildConfiguration;
			buildSettings = {
				ALWAYS_EMBED_SWIFT_STANDARD_LIBRARIES = YES;
				ASSETCATALOG_COMPILER_APPICON_NAME = AppIcon;
				CODE_SIGN_STYLE = Automatic;
				INFOPLIST_FILE = deviget/Info.plist;
				LD_RUNPATH_SEARCH_PATHS = (
					"$(inherited)",
					"@executable_path/Frameworks",
				);
				PRODUCT_BUNDLE_IDENTIFIER = pro.christianquicano.deviget;
				PRODUCT_NAME = "$(TARGET_NAME)";
				SWIFT_VERSION = 4.2;
				TARGETED_DEVICE_FAMILY = "1,2";
			};
			name = Debug;
		};
		479D35212218379B00B0017B /* Release */ = {
			isa = XCBuildConfiguration;
			buildSettings = {
				ALWAYS_EMBED_SWIFT_STANDARD_LIBRARIES = YES;
				ASSETCATALOG_COMPILER_APPICON_NAME = AppIcon;
				CODE_SIGN_STYLE = Automatic;
				INFOPLIST_FILE = deviget/Info.plist;
				LD_RUNPATH_SEARCH_PATHS = (
					"$(inherited)",
					"@executable_path/Frameworks",
				);
				PRODUCT_BUNDLE_IDENTIFIER = pro.christianquicano.deviget;
				PRODUCT_NAME = "$(TARGET_NAME)";
				SWIFT_VERSION = 4.2;
				TARGETED_DEVICE_FAMILY = "1,2";
			};
			name = Release;
		};
		479D35302218381300B0017B /* Debug */ = {
			isa = XCBuildConfiguration;
			buildSettings = {
				CLANG_ENABLE_MODULES = YES;
				CODE_SIGN_IDENTITY = "";
				CODE_SIGN_STYLE = Automatic;
				CURRENT_PROJECT_VERSION = 1;
				DEFINES_MODULE = YES;
				DYLIB_COMPATIBILITY_VERSION = 1;
				DYLIB_CURRENT_VERSION = 1;
				DYLIB_INSTALL_NAME_BASE = "@rpath";
				INFOPLIST_FILE = devigetModule/Info.plist;
				INSTALL_PATH = "$(LOCAL_LIBRARY_DIR)/Frameworks";
				LD_RUNPATH_SEARCH_PATHS = (
					"$(inherited)",
					"@executable_path/Frameworks",
					"@loader_path/Frameworks",
				);
				PRODUCT_BUNDLE_IDENTIFIER = pro.christianquicano.devigetModule;
				PRODUCT_NAME = "$(TARGET_NAME:c99extidentifier)";
				SKIP_INSTALL = YES;
				SWIFT_OPTIMIZATION_LEVEL = "-Onone";
				SWIFT_VERSION = 4.2;
				TARGETED_DEVICE_FAMILY = "1,2";
				VERSIONING_SYSTEM = "apple-generic";
				VERSION_INFO_PREFIX = "";
			};
			name = Debug;
		};
		479D35312218381300B0017B /* Release */ = {
			isa = XCBuildConfiguration;
			buildSettings = {
				CLANG_ENABLE_MODULES = YES;
				CODE_SIGN_IDENTITY = "";
				CODE_SIGN_STYLE = Automatic;
				CURRENT_PROJECT_VERSION = 1;
				DEFINES_MODULE = YES;
				DYLIB_COMPATIBILITY_VERSION = 1;
				DYLIB_CURRENT_VERSION = 1;
				DYLIB_INSTALL_NAME_BASE = "@rpath";
				INFOPLIST_FILE = devigetModule/Info.plist;
				INSTALL_PATH = "$(LOCAL_LIBRARY_DIR)/Frameworks";
				LD_RUNPATH_SEARCH_PATHS = (
					"$(inherited)",
					"@executable_path/Frameworks",
					"@loader_path/Frameworks",
				);
				PRODUCT_BUNDLE_IDENTIFIER = pro.christianquicano.devigetModule;
				PRODUCT_NAME = "$(TARGET_NAME:c99extidentifier)";
				SKIP_INSTALL = YES;
				SWIFT_VERSION = 4.2;
				TARGETED_DEVICE_FAMILY = "1,2";
				VERSIONING_SYSTEM = "apple-generic";
				VERSION_INFO_PREFIX = "";
			};
			name = Release;
		};
		479D355622185DFE00B0017B /* Debug */ = {
			isa = XCBuildConfiguration;
			buildSettings = {
				CODE_SIGN_STYLE = Automatic;
				INFOPLIST_FILE = devigetModuleTests/Info.plist;
				LD_RUNPATH_SEARCH_PATHS = (
					"$(inherited)",
					"@executable_path/Frameworks",
					"@loader_path/Frameworks",
				);
				PRODUCT_BUNDLE_IDENTIFIER = pro.christianquicano.devigetModuleTests;
				PRODUCT_NAME = "$(TARGET_NAME)";
				SWIFT_VERSION = 4.2;
				TARGETED_DEVICE_FAMILY = "1,2";
			};
			name = Debug;
		};
		479D355722185DFE00B0017B /* Release */ = {
			isa = XCBuildConfiguration;
			buildSettings = {
				CODE_SIGN_STYLE = Automatic;
				INFOPLIST_FILE = devigetModuleTests/Info.plist;
				LD_RUNPATH_SEARCH_PATHS = (
					"$(inherited)",
					"@executable_path/Frameworks",
					"@loader_path/Frameworks",
				);
				PRODUCT_BUNDLE_IDENTIFIER = pro.christianquicano.devigetModuleTests;
				PRODUCT_NAME = "$(TARGET_NAME)";
				SWIFT_VERSION = 4.2;
				TARGETED_DEVICE_FAMILY = "1,2";
			};
			name = Release;
		};
		479D35C62219BB2D00B0017B /* Debug */ = {
			isa = XCBuildConfiguration;
			buildSettings = {
				ALWAYS_EMBED_SWIFT_STANDARD_LIBRARIES = YES;
				ASSETCATALOG_COMPILER_APPICON_NAME = AppIcon;
				CODE_SIGN_STYLE = Automatic;
				INFOPLIST_FILE = devigetMock/Info.plist;
				LD_RUNPATH_SEARCH_PATHS = (
					"$(inherited)",
					"@executable_path/Frameworks",
				);
				PRODUCT_BUNDLE_IDENTIFIER = pro.christianquicano.devigetMock;
				PRODUCT_NAME = "$(TARGET_NAME)";
				SWIFT_VERSION = 4.2;
				TARGETED_DEVICE_FAMILY = "1,2";
			};
			name = Debug;
		};
		479D35C72219BB2D00B0017B /* Release */ = {
			isa = XCBuildConfiguration;
			buildSettings = {
				ALWAYS_EMBED_SWIFT_STANDARD_LIBRARIES = YES;
				ASSETCATALOG_COMPILER_APPICON_NAME = AppIcon;
				CODE_SIGN_STYLE = Automatic;
				INFOPLIST_FILE = devigetMock/Info.plist;
				LD_RUNPATH_SEARCH_PATHS = (
					"$(inherited)",
					"@executable_path/Frameworks",
				);
				PRODUCT_BUNDLE_IDENTIFIER = pro.christianquicano.devigetMock;
				PRODUCT_NAME = "$(TARGET_NAME)";
				SWIFT_VERSION = 4.2;
				TARGETED_DEVICE_FAMILY = "1,2";
			};
			name = Release;
		};
		479D35ED2219BDD900B0017B /* Debug */ = {
			isa = XCBuildConfiguration;
			buildSettings = {
				CODE_SIGN_STYLE = Automatic;
				INFOPLIST_FILE = devigetMockUITests/Info.plist;
				LD_RUNPATH_SEARCH_PATHS = (
					"$(inherited)",
					"@executable_path/Frameworks",
					"@loader_path/Frameworks",
				);
				PRODUCT_BUNDLE_IDENTIFIER = pro.christianquicano.devigetMockUITests;
				PRODUCT_NAME = "$(TARGET_NAME)";
				SWIFT_VERSION = 4.2;
				TARGETED_DEVICE_FAMILY = "1,2";
				TEST_TARGET_NAME = devigetMock;
			};
			name = Debug;
		};
		479D35EE2219BDD900B0017B /* Release */ = {
			isa = XCBuildConfiguration;
			buildSettings = {
				CODE_SIGN_STYLE = Automatic;
				INFOPLIST_FILE = devigetMockUITests/Info.plist;
				LD_RUNPATH_SEARCH_PATHS = (
					"$(inherited)",
					"@executable_path/Frameworks",
					"@loader_path/Frameworks",
				);
				PRODUCT_BUNDLE_IDENTIFIER = pro.christianquicano.devigetMockUITests;
				PRODUCT_NAME = "$(TARGET_NAME)";
				SWIFT_VERSION = 4.2;
				TARGETED_DEVICE_FAMILY = "1,2";
				TEST_TARGET_NAME = devigetMock;
			};
			name = Release;
		};
/* End XCBuildConfiguration section */

/* Begin XCConfigurationList section */
		479D35062218379A00B0017B /* Build configuration list for PBXProject "deviget" */ = {
			isa = XCConfigurationList;
			buildConfigurations = (
				479D351D2218379B00B0017B /* Debug */,
				479D351E2218379B00B0017B /* Release */,
			);
			defaultConfigurationIsVisible = 0;
			defaultConfigurationName = Release;
		};
		479D351F2218379B00B0017B /* Build configuration list for PBXNativeTarget "deviget" */ = {
			isa = XCConfigurationList;
			buildConfigurations = (
				479D35202218379B00B0017B /* Debug */,
				479D35212218379B00B0017B /* Release */,
			);
			defaultConfigurationIsVisible = 0;
			defaultConfigurationName = Release;
		};
		479D35322218381300B0017B /* Build configuration list for PBXNativeTarget "devigetModule" */ = {
			isa = XCConfigurationList;
			buildConfigurations = (
				479D35302218381300B0017B /* Debug */,
				479D35312218381300B0017B /* Release */,
			);
			defaultConfigurationIsVisible = 0;
			defaultConfigurationName = Release;
		};
		479D355522185DFE00B0017B /* Build configuration list for PBXNativeTarget "devigetModuleTests" */ = {
			isa = XCConfigurationList;
			buildConfigurations = (
				479D355622185DFE00B0017B /* Debug */,
				479D355722185DFE00B0017B /* Release */,
			);
			defaultConfigurationIsVisible = 0;
			defaultConfigurationName = Release;
		};
		479D35C52219BB2D00B0017B /* Build configuration list for PBXNativeTarget "devigetMock" */ = {
			isa = XCConfigurationList;
			buildConfigurations = (
				479D35C62219BB2D00B0017B /* Debug */,
				479D35C72219BB2D00B0017B /* Release */,
			);
			defaultConfigurationIsVisible = 0;
			defaultConfigurationName = Release;
		};
		479D35EC2219BDD900B0017B /* Build configuration list for PBXNativeTarget "devigetMockUITests" */ = {
			isa = XCConfigurationList;
			buildConfigurations = (
				479D35ED2219BDD900B0017B /* Debug */,
				479D35EE2219BDD900B0017B /* Release */,
			);
			defaultConfigurationIsVisible = 0;
			defaultConfigurationName = Release;
		};
/* End XCConfigurationList section */
	};
	rootObject = 479D35032218379A00B0017B /* Project object */;
}
